
Microsoft Visual Studio Solution File, Format Version 12.00
# Visual Studio Version 16
VisualStudioVersion = 16.0.31321.278
MinimumVisualStudioVersion = 10.0.40219.1
Project("{9A19103F-16F7-4668-BE54-9A1E7A4F7556}") = "FizzBuzz", "FizzBuzz\FizzBuzz.csproj", "{4710B755-C207-4FBD-A439-56B182F29B6A}"
EndProject
Project("{9A19103F-16F7-4668-BE54-9A1E7A4F7556}") = "FizzBuzzXunitTest", "FizzBuzzXunitTest\FizzBuzzXunitTest.csproj", "{B1C0AF06-2FB4-4F85-A4F2-58182B61EA81}"
EndProject
Global
	GlobalSection(SolutionConfigurationPlatforms) = preSolution
		Debug|Any CPU = Debug|Any CPU
		Release|Any CPU = Release|Any CPU
	EndGlobalSection
	GlobalSection(ProjectConfigurationPlatforms) = postSolution
		{4710B755-C207-4FBD-A439-56B182F29B6A}.Debug|Any CPU.ActiveCfg = Debug|Any CPU
		{4710B755-C207-4FBD-A439-56B182F29B6A}.Debug|Any CPU.Build.0 = Debug|Any CPU
		{4710B755-C207-4FBD-A439-56B182F29B6A}.Release|Any CPU.ActiveCfg = Release|Any CPU
		{4710B755-C207-4FBD-A439-56B182F29B6A}.Release|Any CPU.Build.0 = Release|Any CPU
		{B1C0AF06-2FB4-4F85-A4F2-58182B61EA81}.Debug|Any CPU.ActiveCfg = Debug|Any CPU
		{B1C0AF06-2FB4-4F85-A4F2-58182B61EA81}.Debug|Any CPU.Build.0 = Debug|Any CPU
		{B1C0AF06-2FB4-4F85-A4F2-58182B61EA81}.Release|Any CPU.ActiveCfg = Release|Any CPU
		{B1C0AF06-2FB4-4F85-A4F2-58182B61EA81}.Release|Any CPU.Build.0 = Release|Any CPU
	EndGlobalSection
	GlobalSection(SolutionProperties) = preSolution
		HideSolutionNode = FALSE
	EndGlobalSection
	GlobalSection(ExtensibilityGlobals) = postSolution
		SolutionGuid = {6BCF2812-5355-483E-8B68-81D6AB854211}
	EndGlobalSection
EndGlobal
